{
  "name": "poo-clases-typescript",
  "version": "1.0.0",
  "lockfileVersion": 3,
  "requires": true,
  "packages": {
    "": {
      "name": "poo-clases-typescript",
      "version": "1.0.0",
      "license": "ISC",
      "dependencies": {
        "poo-clases-typescript": "file:"
      }
    },
    "node_modules/poo-clases-typescript": {
      "resolved": "",
      "link": true
    }
  }
}
